
Microsoft Visual Studio Solution File, Format Version 12.00
Project("{FAE04EC0-301F-11D3-BF4B-00C04F79EFBC}") = "AvengersAPI", "AvengersAPI\AvengersAPI.csproj", "{888E94E7-A531-49DE-BB8D-110FFAAC018B}"
EndProject
Project("{FAE04EC0-301F-11D3-BF4B-00C04F79EFBC}") = "Tests", "Tests\Tests.csproj", "{BBBF0672-43A5-43B7-BB3D-A37459C1B217}"
EndProject
Global
	GlobalSection(SolutionConfigurationPlatforms) = preSolution
		Debug|Any CPU = Debug|Any CPU
		Release|Any CPU = Release|Any CPU
	EndGlobalSection
	GlobalSection(ProjectConfigurationPlatforms) = postSolution
		{888E94E7-A531-49DE-BB8D-110FFAAC018B}.Debug|Any CPU.ActiveCfg = Debug|Any CPU
		{888E94E7-A531-49DE-BB8D-110FFAAC018B}.Debug|Any CPU.Build.0 = Debug|Any CPU
		{888E94E7-A531-49DE-BB8D-110FFAAC018B}.Release|Any CPU.ActiveCfg = Release|Any CPU
		{888E94E7-A531-49DE-BB8D-110FFAAC018B}.Release|Any CPU.Build.0 = Release|Any CPU
		{BBBF0672-43A5-43B7-BB3D-A37459C1B217}.Debug|Any CPU.ActiveCfg = Debug|Any CPU
		{BBBF0672-43A5-43B7-BB3D-A37459C1B217}.Debug|Any CPU.Build.0 = Debug|Any CPU
		{BBBF0672-43A5-43B7-BB3D-A37459C1B217}.Release|Any CPU.ActiveCfg = Release|Any CPU
		{BBBF0672-43A5-43B7-BB3D-A37459C1B217}.Release|Any CPU.Build.0 = Release|Any CPU
	EndGlobalSection
EndGlobal
